
Microsoft Visual Studio Solution File, Format Version 12.00
# Visual Studio 2013
VisualStudioVersion = 12.0.40629.0
MinimumVisualStudioVersion = 10.0.40219.1
Project("{8BC9CEB8-8B4A-11D0-8D11-00A0C91BC942}") = "Q75", "Q75\Q75.vcxproj", "{32716486-C54C-4B80-8444-EC23757E18C3}"
EndProject
Project("{8BC9CEB8-8B4A-11D0-8D11-00A0C91BC942}") = "Q76", "Q76\Q76.vcxproj", "{0A7627B1-155C-4742-B75C-9BA4D866DE73}"
EndProject
Project("{8BC9CEB8-8B4A-11D0-8D11-00A0C91BC942}") = "Q77", "Q77\Q77.vcxproj", "{6D20C04E-288C-42C3-B9B4-86F541E0CD0E}"
EndProject
Project("{8BC9CEB8-8B4A-11D0-8D11-00A0C91BC942}") = "Q85", "Q85\Q85.vcxproj", "{1E72AC55-4FAC-4E3D-B6C3-44D9FCA62664}"
EndProject
Project("{8BC9CEB8-8B4A-11D0-8D11-00A0C91BC942}") = "Q86", "Q86\Q86.vcxproj", "{88835D1E-C50B-447A-BB63-63887997808A}"
EndProject
Project("{8BC9CEB8-8B4A-11D0-8D11-00A0C91BC942}") = "Q87", "Q87\Q87.vcxproj", "{93F4EFDA-3CA9-4345-928B-6A598025F91D}"
EndProject
Project("{8BC9CEB8-8B4A-11D0-8D11-00A0C91BC942}") = "Q88", "Q88\Q88.vcxproj", "{4900B703-F4DF-4105-9267-4BC6A6B7355C}"
EndProject
Project("{8BC9CEB8-8B4A-11D0-8D11-00A0C91BC942}") = "Q89", "Q89\Q89.vcxproj", "{BFDD47A4-3F28-4F30-AB94-422D6E767BA2}"
EndProject
Project("{8BC9CEB8-8B4A-11D0-8D11-00A0C91BC942}") = "Q90", "Q90\Q90.vcxproj", "{3C88C915-E34C-4C32-BDD9-2FDCE2C4D9B7}"
EndProject
Project("{8BC9CEB8-8B4A-11D0-8D11-00A0C91BC942}") = "Q91", "Q91\Q91.vcxproj", "{CD3955FC-4797-4CF5-8EBA-FF600739A9D6}"
EndProject
Global
	GlobalSection(SolutionConfigurationPlatforms) = preSolution
		Debug|Win32 = Debug|Win32
		Release|Win32 = Release|Win32
	EndGlobalSection
	GlobalSection(ProjectConfigurationPlatforms) = postSolution
		{32716486-C54C-4B80-8444-EC23757E18C3}.Debug|Win32.ActiveCfg = Debug|Win32
		{32716486-C54C-4B80-8444-EC23757E18C3}.Debug|Win32.Build.0 = Debug|Win32
		{32716486-C54C-4B80-8444-EC23757E18C3}.Release|Win32.ActiveCfg = Release|Win32
		{32716486-C54C-4B80-8444-EC23757E18C3}.Release|Win32.Build.0 = Release|Win32
		{0A7627B1-155C-4742-B75C-9BA4D866DE73}.Debug|Win32.ActiveCfg = Debug|Win32
		{0A7627B1-155C-4742-B75C-9BA4D866DE73}.Debug|Win32.Build.0 = Debug|Win32
		{0A7627B1-155C-4742-B75C-9BA4D866DE73}.Release|Win32.ActiveCfg = Release|Win32
		{0A7627B1-155C-4742-B75C-9BA4D866DE73}.Release|Win32.Build.0 = Release|Win32
		{6D20C04E-288C-42C3-B9B4-86F541E0CD0E}.Debug|Win32.ActiveCfg = Debug|Win32
		{6D20C04E-288C-42C3-B9B4-86F541E0CD0E}.Debug|Win32.Build.0 = Debug|Win32
		{6D20C04E-288C-42C3-B9B4-86F541E0CD0E}.Release|Win32.ActiveCfg = Release|Win32
		{6D20C04E-288C-42C3-B9B4-86F541E0CD0E}.Release|Win32.Build.0 = Release|Win32
		{1E72AC55-4FAC-4E3D-B6C3-44D9FCA62664}.Debug|Win32.ActiveCfg = Debug|Win32
		{1E72AC55-4FAC-4E3D-B6C3-44D9FCA62664}.Debug|Win32.Build.0 = Debug|Win32
		{1E72AC55-4FAC-4E3D-B6C3-44D9FCA62664}.Release|Win32.ActiveCfg = Release|Win32
		{1E72AC55-4FAC-4E3D-B6C3-44D9FCA62664}.Release|Win32.Build.0 = Release|Win32
		{88835D1E-C50B-447A-BB63-63887997808A}.Debug|Win32.ActiveCfg = Debug|Win32
		{88835D1E-C50B-447A-BB63-63887997808A}.Debug|Win32.Build.0 = Debug|Win32
		{88835D1E-C50B-447A-BB63-63887997808A}.Release|Win32.ActiveCfg = Release|Win32
		{88835D1E-C50B-447A-BB63-63887997808A}.Release|Win32.Build.0 = Release|Win32
		{93F4EFDA-3CA9-4345-928B-6A598025F91D}.Debug|Win32.ActiveCfg = Debug|Win32
		{93F4EFDA-3CA9-4345-928B-6A598025F91D}.Debug|Win32.Build.0 = Debug|Win32
		{93F4EFDA-3CA9-4345-928B-6A598025F91D}.Release|Win32.ActiveCfg = Release|Win32
		{93F4EFDA-3CA9-4345-928B-6A598025F91D}.Release|Win32.Build.0 = Release|Win32
		{4900B703-F4DF-4105-9267-4BC6A6B7355C}.Debug|Win32.ActiveCfg = Debug|Win32
		{4900B703-F4DF-4105-9267-4BC6A6B7355C}.Debug|Win32.Build.0 = Debug|Win32
		{4900B703-F4DF-4105-9267-4BC6A6B7355C}.Release|Win32.ActiveCfg = Release|Win32
		{4900B703-F4DF-4105-9267-4BC6A6B7355C}.Release|Win32.Build.0 = Release|Win32
		{BFDD47A4-3F28-4F30-AB94-422D6E767BA2}.Debug|Win32.ActiveCfg = Debug|Win32
		{BFDD47A4-3F28-4F30-AB94-422D6E767BA2}.Debug|Win32.Build.0 = Debug|Win32
		{BFDD47A4-3F28-4F30-AB94-422D6E767BA2}.Release|Win32.ActiveCfg = Release|Win32
		{BFDD47A4-3F28-4F30-AB94-422D6E767BA2}.Release|Win32.Build.0 = Release|Win32
		{3C88C915-E34C-4C32-BDD9-2FDCE2C4D9B7}.Debug|Win32.ActiveCfg = Debug|Win32
		{3C88C915-E34C-4C32-BDD9-2FDCE2C4D9B7}.Debug|Win32.Build.0 = Debug|Win32
		{3C88C915-E34C-4C32-BDD9-2FDCE2C4D9B7}.Release|Win32.ActiveCfg = Release|Win32
		{3C88C915-E34C-4C32-BDD9-2FDCE2C4D9B7}.Release|Win32.Build.0 = Release|Win32
		{CD3955FC-4797-4CF5-8EBA-FF600739A9D6}.Debug|Win32.ActiveCfg = Debug|Win32
		{CD3955FC-4797-4CF5-8EBA-FF600739A9D6}.Debug|Win32.Build.0 = Debug|Win32
		{CD3955FC-4797-4CF5-8EBA-FF600739A9D6}.Release|Win32.ActiveCfg = Release|Win32
		{CD3955FC-4797-4CF5-8EBA-FF600739A9D6}.Release|Win32.Build.0 = Release|Win32
	EndGlobalSection
	GlobalSection(SolutionProperties) = preSolution
		HideSolutionNode = FALSE
	EndGlobalSection
EndGlobal
